// !$*UTF8*$!
{
	archiveVersion = 1;
	classes = {
	};
	objectVersion = 48;
	objects = {

/* Begin PBXBuildFile section */
		16C46A3A204C390D008C74CC /* JobTableCell.swift in Sources */ = {isa = PBXBuildFile; fileRef = 16C46A38204C390D008C74CC /* JobTableCell.swift */; };
		16C46A3B204C390D008C74CC /* JobTableCell.xib in Resources */ = {isa = PBXBuildFile; fileRef = 16C46A39204C390D008C74CC /* JobTableCell.xib */; };
		16C46A3D204C3D11008C74CC /* JobListViewController.swift in Sources */ = {isa = PBXBuildFile; fileRef = 16C46A3C204C3D11008C74CC /* JobListViewController.swift */; };
		16C46A3F204C3EF0008C74CC /* JobController.swift in Sources */ = {isa = PBXBuildFile; fileRef = 16C46A3E204C3EF0008C74CC /* JobController.swift */; };
		455618C3204F673B00082585 /* FetchController.swift in Sources */ = {isa = PBXBuildFile; fileRef = 455618C2204F673B00082585 /* FetchController.swift */; };
		790AE46D204F69AA00D473D0 /* JobDetailVC.swift in Sources */ = {isa = PBXBuildFile; fileRef = 790AE46C204F69AA00D473D0 /* JobDetailVC.swift */; };
		7926D474204855710019A480 /* Company.swift in Sources */ = {isa = PBXBuildFile; fileRef = 7926D473204855710019A480 /* Company.swift */; };
		7926D476204855780019A480 /* Job.swift in Sources */ = {isa = PBXBuildFile; fileRef = 7926D475204855780019A480 /* Job.swift */; };
		7946F336204850DD00C62711 /* ObjectMapper.framework in Frameworks */ = {isa = PBXBuildFile; fileRef = 7946F335204850DC00C62711 /* ObjectMapper.framework */; };
		7946F3392048516500C62711 /* ObjectMapper.framework in CopyFiles */ = {isa = PBXBuildFile; fileRef = 7946F335204850DC00C62711 /* ObjectMapper.framework */; settings = {ATTRIBUTES = (CodeSignOnCopy, RemoveHeadersOnCopy, ); }; };
		7946F33B2048524000C62711 /* Alamofire.framework in CopyFiles */ = {isa = PBXBuildFile; fileRef = 954A6FFA204719A2003949D4 /* Alamofire.framework */; settings = {ATTRIBUTES = (CodeSignOnCopy, RemoveHeadersOnCopy, ); }; };
		7946F33C2048528C00C62711 /* Alamofire.framework in Frameworks */ = {isa = PBXBuildFile; fileRef = 954A6FFA204719A2003949D4 /* Alamofire.framework */; };
		796C16C220484EE400722935 /* Student.swift in Sources */ = {isa = PBXBuildFile; fileRef = 796C16C120484EE400722935 /* Student.swift */; };
		95769BF8204F60640035B8BF /* CompanyController.swift in Sources */ = {isa = PBXBuildFile; fileRef = 95769BF7204F60640035B8BF /* CompanyController.swift */; };
		95A5B7BF20470FCD00445D7C /* AppDelegate.swift in Sources */ = {isa = PBXBuildFile; fileRef = 95A5B7BE20470FCD00445D7C /* AppDelegate.swift */; };
		95A5B7C120470FCD00445D7C /* ViewController.swift in Sources */ = {isa = PBXBuildFile; fileRef = 95A5B7C020470FCD00445D7C /* ViewController.swift */; };
		95A5B7C420470FCD00445D7C /* Main.storyboard in Resources */ = {isa = PBXBuildFile; fileRef = 95A5B7C220470FCD00445D7C /* Main.storyboard */; };
		95A5B7C620470FCD00445D7C /* Assets.xcassets in Resources */ = {isa = PBXBuildFile; fileRef = 95A5B7C520470FCD00445D7C /* Assets.xcassets */; };
		95A5B7C920470FCD00445D7C /* LaunchScreen.storyboard in Resources */ = {isa = PBXBuildFile; fileRef = 95A5B7C720470FCD00445D7C /* LaunchScreen.storyboard */; };
		95A5B7D4204711EA00445D7C /* CoreFacade.swift in Sources */ = {isa = PBXBuildFile; fileRef = 95A5B7D3204711EA00445D7C /* CoreFacade.swift */; };
		95A5B7D62047124900445D7C /* StudentController.swift in Sources */ = {isa = PBXBuildFile; fileRef = 95A5B7D52047124900445D7C /* StudentController.swift */; };
/* End PBXBuildFile section */

/* Begin PBXCopyFilesBuildPhase section */
		7946F3372048512700C62711 /* CopyFiles */ = {
			isa = PBXCopyFilesBuildPhase;
			buildActionMask = 2147483647;
			dstPath = "";
			dstSubfolderSpec = 10;
			files = (
				7946F3392048516500C62711 /* ObjectMapper.framework in CopyFiles */,
				7946F33B2048524000C62711 /* Alamofire.framework in CopyFiles */,
			);
			runOnlyForDeploymentPostprocessing = 0;
		};
/* End PBXCopyFilesBuildPhase section */

/* Begin PBXFileReference section */
		16C46A38204C390D008C74CC /* JobTableCell.swift */ = {isa = PBXFileReference; lastKnownFileType = sourcecode.swift; path = JobTableCell.swift; sourceTree = "<group>"; };
		16C46A39204C390D008C74CC /* JobTableCell.xib */ = {isa = PBXFileReference; lastKnownFileType = file.xib; path = JobTableCell.xib; sourceTree = "<group>"; };
		16C46A3C204C3D11008C74CC /* JobListViewController.swift */ = {isa = PBXFileReference; lastKnownFileType = sourcecode.swift; path = JobListViewController.swift; sourceTree = "<group>"; };
		16C46A3E204C3EF0008C74CC /* JobController.swift */ = {isa = PBXFileReference; lastKnownFileType = sourcecode.swift; path = JobController.swift; sourceTree = "<group>"; };
		455618C2204F673B00082585 /* FetchController.swift */ = {isa = PBXFileReference; lastKnownFileType = sourcecode.swift; path = FetchController.swift; sourceTree = "<group>"; };
		790AE46C204F69AA00D473D0 /* JobDetailVC.swift */ = {isa = PBXFileReference; lastKnownFileType = sourcecode.swift; path = JobDetailVC.swift; sourceTree = "<group>"; };
		7926D473204855710019A480 /* Company.swift */ = {isa = PBXFileReference; lastKnownFileType = sourcecode.swift; path = Company.swift; sourceTree = "<group>"; };
		7926D475204855780019A480 /* Job.swift */ = {isa = PBXFileReference; lastKnownFileType = sourcecode.swift; path = Job.swift; sourceTree = "<group>"; };
		7946F335204850DC00C62711 /* ObjectMapper.framework */ = {isa = PBXFileReference; lastKnownFileType = wrapper.framework; name = ObjectMapper.framework; path = Carthage/Build/iOS/ObjectMapper.framework; sourceTree = "<group>"; };
		796C16C120484EE400722935 /* Student.swift */ = {isa = PBXFileReference; lastKnownFileType = sourcecode.swift; path = Student.swift; sourceTree = "<group>"; };
		954A6FFA204719A2003949D4 /* Alamofire.framework */ = {isa = PBXFileReference; lastKnownFileType = wrapper.framework; name = Alamofire.framework; path = Carthage/Build/iOS/Alamofire.framework; sourceTree = "<group>"; };
		95769BF7204F60640035B8BF /* CompanyController.swift */ = {isa = PBXFileReference; lastKnownFileType = sourcecode.swift; path = CompanyController.swift; sourceTree = "<group>"; };
		95A5B7BB20470FCD00445D7C /* Advanced-Course-Project.app */ = {isa = PBXFileReference; explicitFileType = wrapper.application; includeInIndex = 0; path = "Advanced-Course-Project.app"; sourceTree = BUILT_PRODUCTS_DIR; };
		95A5B7BE20470FCD00445D7C /* AppDelegate.swift */ = {isa = PBXFileReference; lastKnownFileType = sourcecode.swift; path = AppDelegate.swift; sourceTree = "<group>"; };
		95A5B7C020470FCD00445D7C /* ViewController.swift */ = {isa = PBXFileReference; lastKnownFileType = sourcecode.swift; path = ViewController.swift; sourceTree = "<group>"; };
		95A5B7C320470FCD00445D7C /* Base */ = {isa = PBXFileReference; lastKnownFileType = file.storyboard; name = Base; path = Base.lproj/Main.storyboard; sourceTree = "<group>"; };
		95A5B7C520470FCD00445D7C /* Assets.xcassets */ = {isa = PBXFileReference; lastKnownFileType = folder.assetcatalog; path = Assets.xcassets; sourceTree = "<group>"; };
		95A5B7C820470FCD00445D7C /* Base */ = {isa = PBXFileReference; lastKnownFileType = file.storyboard; name = Base; path = Base.lproj/LaunchScreen.storyboard; sourceTree = "<group>"; };
		95A5B7CA20470FCD00445D7C /* Info.plist */ = {isa = PBXFileReference; lastKnownFileType = text.plist.xml; path = Info.plist; sourceTree = "<group>"; };
		95A5B7D3204711EA00445D7C /* CoreFacade.swift */ = {isa = PBXFileReference; lastKnownFileType = sourcecode.swift; path = CoreFacade.swift; sourceTree = "<group>"; };
		95A5B7D52047124900445D7C /* StudentController.swift */ = {isa = PBXFileReference; lastKnownFileType = sourcecode.swift; path = StudentController.swift; sourceTree = "<group>"; };
/* End PBXFileReference section */

/* Begin PBXFrameworksBuildPhase section */
		95A5B7B820470FCD00445D7C /* Frameworks */ = {
			isa = PBXFrameworksBuildPhase;
			buildActionMask = 2147483647;
			files = (
				7946F33C2048528C00C62711 /* Alamofire.framework in Frameworks */,
				7946F336204850DD00C62711 /* ObjectMapper.framework in Frameworks */,
			);
			runOnlyForDeploymentPostprocessing = 0;
		};
/* End PBXFrameworksBuildPhase section */

/* Begin PBXGroup section */
		455618C1204F669600082585 /* Fetch */ = {
			isa = PBXGroup;
			children = (
				455618C2204F673B00082585 /* FetchController.swift */,
			);
			path = Fetch;
			sourceTree = "<group>";
		};
		796C16C020484ED400722935 /* Model */ = {
			isa = PBXGroup;
			children = (
				455618C1204F669600082585 /* Fetch */,
				796C16C120484EE400722935 /* Student.swift */,
				7926D473204855710019A480 /* Company.swift */,
				7926D475204855780019A480 /* Job.swift */,
			);
			path = Model;
			sourceTree = "<group>";
		};
		954A6FFD204719B9003949D4 /* Frameworks */ = {
			isa = PBXGroup;
			children = (
				7946F335204850DC00C62711 /* ObjectMapper.framework */,
				954A6FFA204719A2003949D4 /* Alamofire.framework */,
			);
			name = Frameworks;
			sourceTree = "<group>";
		};
		95A5B7B220470FCD00445D7C = {
			isa = PBXGroup;
			children = (
				95A5B7BD20470FCD00445D7C /* Advanced-Course-Project */,
				954A6FFD204719B9003949D4 /* Frameworks */,
				95A5B7BC20470FCD00445D7C /* Products */,
			);
			sourceTree = "<group>";
		};
		95A5B7BC20470FCD00445D7C /* Products */ = {
			isa = PBXGroup;
			children = (
				95A5B7BB20470FCD00445D7C /* Advanced-Course-Project.app */,
			);
			name = Products;
			sourceTree = "<group>";
		};
		95A5B7BD20470FCD00445D7C /* Advanced-Course-Project */ = {
			isa = PBXGroup;
			children = (
				796C16C020484ED400722935 /* Model */,
				95A5B7D02047101800445D7C /* View */,
				95A5B7D12047118F00445D7C /* Controller */,
				95A5B7CA20470FCD00445D7C /* Info.plist */,
				95A5B7BE20470FCD00445D7C /* AppDelegate.swift */,
				95A5B7C020470FCD00445D7C /* ViewController.swift */,
				95A5B7C520470FCD00445D7C /* Assets.xcassets */,
			);
			path = "Advanced-Course-Project";
			sourceTree = "<group>";
		};
		95A5B7D02047101800445D7C /* View */ = {
			isa = PBXGroup;
			children = (
				95A5B7C720470FCD00445D7C /* LaunchScreen.storyboard */,
				95A5B7C220470FCD00445D7C /* Main.storyboard */,
				16C46A3C204C3D11008C74CC /* JobListViewController.swift */,
				16C46A38204C390D008C74CC /* JobTableCell.swift */,
				16C46A39204C390D008C74CC /* JobTableCell.xib */,
				790AE46C204F69AA00D473D0 /* JobDetailVC.swift */,
			);
			path = View;
			sourceTree = "<group>";
		};
		95A5B7D12047118F00445D7C /* Controller */ = {
			isa = PBXGroup;
			children = (
				95A5B7D3204711EA00445D7C /* CoreFacade.swift */,
				95A5B7D52047124900445D7C /* StudentController.swift */,
				16C46A3E204C3EF0008C74CC /* JobController.swift */,
				95769BF7204F60640035B8BF /* CompanyController.swift */,
			);
			path = Controller;
			sourceTree = "<group>";
		};
/* End PBXGroup section */

/* Begin PBXNativeTarget section */
		95A5B7BA20470FCD00445D7C /* Advanced-Course-Project */ = {
			isa = PBXNativeTarget;
			buildConfigurationList = 95A5B7CD20470FCD00445D7C /* Build configuration list for PBXNativeTarget "Advanced-Course-Project" */;
			buildPhases = (
				95A5B7B720470FCD00445D7C /* Sources */,
				95A5B7B820470FCD00445D7C /* Frameworks */,
				95A5B7B920470FCD00445D7C /* Resources */,
				7946F3372048512700C62711 /* CopyFiles */,
				95A5B7D7204715C300445D7C /* Carthage Framework Release Script */,
			);
			buildRules = (
			);
			dependencies = (
			);
			name = "Advanced-Course-Project";
			productName = "Advance-Course-Project";
			productReference = 95A5B7BB20470FCD00445D7C /* Advanced-Course-Project.app */;
			productType = "com.apple.product-type.application";
		};
/* End PBXNativeTarget section */

/* Begin PBXProject section */
		95A5B7B320470FCD00445D7C /* Project object */ = {
			isa = PBXProject;
			attributes = {
				LastSwiftUpdateCheck = 0920;
				LastUpgradeCheck = 0920;
				ORGANIZATIONNAME = "ProDigi-Development";
				TargetAttributes = {
					95A5B7BA20470FCD00445D7C = {
						CreatedOnToolsVersion = 9.2;
						ProvisioningStyle = Automatic;
					};
				};
			};
			buildConfigurationList = 95A5B7B620470FCD00445D7C /* Build configuration list for PBXProject "Advanced-Course-Project" */;
			compatibilityVersion = "Xcode 8.0";
			developmentRegion = en;
			hasScannedForEncodings = 0;
			knownRegions = (
				en,
				Base,
			);
			mainGroup = 95A5B7B220470FCD00445D7C;
			productRefGroup = 95A5B7BC20470FCD00445D7C /* Products */;
			projectDirPath = "";
			projectRoot = "";
			targets = (
				95A5B7BA20470FCD00445D7C /* Advanced-Course-Project */,
			);
		};
/* End PBXProject section */

/* Begin PBXResourcesBuildPhase section */
		95A5B7B920470FCD00445D7C /* Resources */ = {
			isa = PBXResourcesBuildPhase;
			buildActionMask = 2147483647;
			files = (
				16C46A3B204C390D008C74CC /* JobTableCell.xib in Resources */,
				95A5B7C920470FCD00445D7C /* LaunchScreen.storyboard in Resources */,
				95A5B7C620470FCD00445D7C /* Assets.xcassets in Resources */,
				95A5B7C420470FCD00445D7C /* Main.storyboard in Resources */,
			);
			runOnlyForDeploymentPostprocessing = 0;
		};
/* End PBXResourcesBuildPhase section */

/* Begin PBXShellScriptBuildPhase section */
		95A5B7D7204715C300445D7C /* Carthage Framework Release Script */ = {
			isa = PBXShellScriptBuildPhase;
			buildActionMask = 12;
			files = (
			);
			inputPaths = (
				"$(SRCROOT)/Carthage/Build/iOS/Alamofire.framework",
				"$(SRCROOT)/Carthage/Build/iOS/ObjectMapper.framework",
			);
			name = "Carthage Framework Release Script";
			outputPaths = (
				"$(BUILT_PRODUCTS_DIR)/$(FRAMEWORKS_FOLDER_PATH)/Alamofire.framework",
				"$(BUILT_PRODUCTS_DIR)/$(FRAMEWORKS_FOLDER_PATH)/ObjectMapper.framework",
			);
			runOnlyForDeploymentPostprocessing = 0;
			shellPath = /bin/sh;
			shellScript = "/usr/local/bin/carthage copy-frameworks";
		};
/* End PBXShellScriptBuildPhase section */

/* Begin PBXSourcesBuildPhase section */
		95A5B7B720470FCD00445D7C /* Sources */ = {
			isa = PBXSourcesBuildPhase;
			buildActionMask = 2147483647;
			files = (
				16C46A3A204C390D008C74CC /* JobTableCell.swift in Sources */,
				790AE46D204F69AA00D473D0 /* JobDetailVC.swift in Sources */,
				16C46A3F204C3EF0008C74CC /* JobController.swift in Sources */,
				95A5B7D4204711EA00445D7C /* CoreFacade.swift in Sources */,
				95A5B7D62047124900445D7C /* StudentController.swift in Sources */,
				95A5B7C120470FCD00445D7C /* ViewController.swift in Sources */,
				796C16C220484EE400722935 /* Student.swift in Sources */,
				95A5B7BF20470FCD00445D7C /* AppDelegate.swift in Sources */,
				455618C3204F673B00082585 /* FetchController.swift in Sources */,
				16C46A3D204C3D11008C74CC /* JobListViewController.swift in Sources */,
				7926D476204855780019A480 /* Job.swift in Sources */,
				7926D474204855710019A480 /* Company.swift in Sources */,
				95769BF8204F60640035B8BF /* CompanyController.swift in Sources */,
			);
			runOnlyForDeploymentPostprocessing = 0;
		};
/* End PBXSourcesBuildPhase section */

/* Begin PBXVariantGroup section */
		95A5B7C220470FCD00445D7C /* Main.storyboard */ = {
			isa = PBXVariantGroup;
			children = (
				95A5B7C320470FCD00445D7C /* Base */,
			);
			name = Main.storyboard;
			sourceTree = "<group>";
		};
		95A5B7C720470FCD00445D7C /* LaunchScreen.storyboard */ = {
			isa = PBXVariantGroup;
			children = (
				95A5B7C820470FCD00445D7C /* Base */,
			);
			name = LaunchScreen.storyboard;
			sourceTree = "<group>";
		};
/* End PBXVariantGroup section */

/* Begin XCBuildConfiguration section */
		95A5B7CB20470FCD00445D7C /* Debug */ = {
			isa = XCBuildConfiguration;
			buildSettings = {
				ALWAYS_SEARCH_USER_PATHS = NO;
				CLANG_ANALYZER_NONNULL = YES;
				CLANG_ANALYZER_NUMBER_OBJECT_CONVERSION = YES_AGGRESSIVE;
				CLANG_CXX_LANGUAGE_STANDARD = "gnu++14";
				CLANG_CXX_LIBRARY = "libc++";
				CLANG_ENABLE_MODULES = YES;
				CLANG_ENABLE_OBJC_ARC = YES;
				CLANG_WARN_BLOCK_CAPTURE_AUTORELEASING = YES;
				CLANG_WARN_BOOL_CONVERSION = YES;
				CLANG_WARN_COMMA = YES;
				CLANG_WARN_CONSTANT_CONVERSION = YES;
				CLANG_WARN_DIRECT_OBJC_ISA_USAGE = YES_ERROR;
				CLANG_WARN_DOCUMENTATION_COMMENTS = YES;
				CLANG_WARN_EMPTY_BODY = YES;
				CLANG_WARN_ENUM_CONVERSION = YES;
				CLANG_WARN_INFINITE_RECURSION = YES;
				CLANG_WARN_INT_CONVERSION = YES;
				CLANG_WARN_NON_LITERAL_NULL_CONVERSION = YES;
				CLANG_WARN_OBJC_LITERAL_CONVERSION = YES;
				CLANG_WARN_OBJC_ROOT_CLASS = YES_ERROR;
				CLANG_WARN_RANGE_LOOP_ANALYSIS = YES;
				CLANG_WARN_STRICT_PROTOTYPES = YES;
				CLANG_WARN_SUSPICIOUS_MOVE = YES;
				CLANG_WARN_UNGUARDED_AVAILABILITY = YES_AGGRESSIVE;
				CLANG_WARN_UNREACHABLE_CODE = YES;
				CLANG_WARN__DUPLICATE_METHOD_MATCH = YES;
				CODE_SIGN_IDENTITY = "iPhone Developer";
				COPY_PHASE_STRIP = NO;
				DEBUG_INFORMATION_FORMAT = dwarf;
				ENABLE_STRICT_OBJC_MSGSEND = YES;
				ENABLE_TESTABILITY = YES;
				GCC_C_LANGUAGE_STANDARD = gnu11;
				GCC_DYNAMIC_NO_PIC = NO;
				GCC_NO_COMMON_BLOCKS = YES;
				GCC_OPTIMIZATION_LEVEL = 0;
				GCC_PREPROCESSOR_DEFINITIONS = (
					"DEBUG=1",
					"$(inherited)",
				);
				GCC_WARN_64_TO_32_BIT_CONVERSION = YES;
				GCC_WARN_ABOUT_RETURN_TYPE = YES_ERROR;
				GCC_WARN_UNDECLARED_SELECTOR = YES;
				GCC_WARN_UNINITIALIZED_AUTOS = YES_AGGRESSIVE;
				GCC_WARN_UNUSED_FUNCTION = YES;
				GCC_WARN_UNUSED_VARIABLE = YES;
				IPHONEOS_DEPLOYMENT_TARGET = 11.2;
				MTL_ENABLE_DEBUG_INFO = YES;
				ONLY_ACTIVE_ARCH = YES;
				SDKROOT = iphoneos;
				SWIFT_ACTIVE_COMPILATION_CONDITIONS = DEBUG;
				SWIFT_OPTIMIZATION_LEVEL = "-Onone";
			};
			name = Debug;
		};
		95A5B7CC20470FCD00445D7C /* Release */ = {
			isa = XCBuildConfiguration;
			buildSettings = {
				ALWAYS_SEARCH_USER_PATHS = NO;
				CLANG_ANALYZER_NONNULL = YES;
				CLANG_ANALYZER_NUMBER_OBJECT_CONVERSION = YES_AGGRESSIVE;
				CLANG_CXX_LANGUAGE_STANDARD = "gnu++14";
				CLANG_CXX_LIBRARY = "libc++";
				CLANG_ENABLE_MODULES = YES;
				CLANG_ENABLE_OBJC_ARC = YES;
				CLANG_WARN_BLOCK_CAPTURE_AUTORELEASING = YES;
				CLANG_WARN_BOOL_CONVERSION = YES;
				CLANG_WARN_COMMA = YES;
				CLANG_WARN_CONSTANT_CONVERSION = YES;
				CLANG_WARN_DIRECT_OBJC_ISA_USAGE = YES_ERROR;
				CLANG_WARN_DOCUMENTATION_COMMENTS = YES;
				CLANG_WARN_EMPTY_BODY = YES;
				CLANG_WARN_ENUM_CONVERSION = YES;
				CLANG_WARN_INFINITE_RECURSION = YES;
				CLANG_WARN_INT_CONVERSION = YES;
				CLANG_WARN_NON_LITERAL_NULL_CONVERSION = YES;
				CLANG_WARN_OBJC_LITERAL_CONVERSION = YES;
				CLANG_WARN_OBJC_ROOT_CLASS = YES_ERROR;
				CLANG_WARN_RANGE_LOOP_ANALYSIS = YES;
				CLANG_WARN_STRICT_PROTOTYPES = YES;
				CLANG_WARN_SUSPICIOUS_MOVE = YES;
				CLANG_WARN_UNGUARDED_AVAILABILITY = YES_AGGRESSIVE;
				CLANG_WARN_UNREACHABLE_CODE = YES;
				CLANG_WARN__DUPLICATE_METHOD_MATCH = YES;
				CODE_SIGN_IDENTITY = "iPhone Developer";
				COPY_PHASE_STRIP = NO;
				DEBUG_INFORMATION_FORMAT = "dwarf-with-dsym";
				ENABLE_NS_ASSERTIONS = NO;
				ENABLE_STRICT_OBJC_MSGSEND = YES;
				GCC_C_LANGUAGE_STANDARD = gnu11;
				GCC_NO_COMMON_BLOCKS = YES;
				GCC_WARN_64_TO_32_BIT_CONVERSION = YES;
				GCC_WARN_ABOUT_RETURN_TYPE = YES_ERROR;
				GCC_WARN_UNDECLARED_SELECTOR = YES;
				GCC_WARN_UNINITIALIZED_AUTOS = YES_AGGRESSIVE;
				GCC_WARN_UNUSED_FUNCTION = YES;
				GCC_WARN_UNUSED_VARIABLE = YES;
				IPHONEOS_DEPLOYMENT_TARGET = 11.2;
				MTL_ENABLE_DEBUG_INFO = NO;
				SDKROOT = iphoneos;
				SWIFT_OPTIMIZATION_LEVEL = "-Owholemodule";
				VALIDATE_PRODUCT = YES;
			};
			name = Release;
		};
		95A5B7CE20470FCD00445D7C /* Debug */ = {
			isa = XCBuildConfiguration;
			buildSettings = {
				ASSETCATALOG_COMPILER_APPICON_NAME = AppIcon;
				CODE_SIGN_STYLE = Automatic;
				DEVELOPMENT_TEAM = D7365P545W;
				FRAMEWORK_SEARCH_PATHS = (
					"$(inherited)",
					"$(PROJECT_DIR)/Carthage/Build/iOS",
				);
				INFOPLIST_FILE = "$(SRCROOT)/Advanced-Course-Project/Info.plist";
				IPHONEOS_DEPLOYMENT_TARGET = 9.1;
				LD_RUNPATH_SEARCH_PATHS = "$(inherited) @executable_path/Frameworks";
				PRODUCT_BUNDLE_IDENTIFIER = "com.prodigi.Advance-Course-Project";
				PRODUCT_NAME = "$(TARGET_NAME)";
				SWIFT_VERSION = 4.0;
				TARGETED_DEVICE_FAMILY = "1,2";
			};
			name = Debug;
		};
		95A5B7CF20470FCD00445D7C /* Release */ = {
			isa = XCBuildConfiguration;
			buildSettings = {
				ASSETCATALOG_COMPILER_APPICON_NAME = AppIcon;
				CODE_SIGN_STYLE = Automatic;
				DEVELOPMENT_TEAM = D7365P545W;
				FRAMEWORK_SEARCH_PATHS = (
					"$(inherited)",
					"$(PROJECT_DIR)/Carthage/Build/iOS",
				);
				INFOPLIST_FILE = "$(SRCROOT)/Advanced-Course-Project/Info.plist";
				IPHONEOS_DEPLOYMENT_TARGET = 9.1;
				LD_RUNPATH_SEARCH_PATHS = "$(inherited) @executable_path/Frameworks";
				PRODUCT_BUNDLE_IDENTIFIER = "com.prodigi.Advance-Course-Project";
				PRODUCT_NAME = "$(TARGET_NAME)";
				SWIFT_VERSION = 4.0;
				TARGETED_DEVICE_FAMILY = "1,2";
			};
			name = Release;
		};
/* End XCBuildConfiguration section */

/* Begin XCConfigurationList section */
		95A5B7B620470FCD00445D7C /* Build configuration list for PBXProject "Advanced-Course-Project" */ = {
			isa = XCConfigurationList;
			buildConfigurations = (
				95A5B7CB20470FCD00445D7C /* Debug */,
				95A5B7CC20470FCD00445D7C /* Release */,
			);
			defaultConfigurationIsVisible = 0;
			defaultConfigurationName = Release;
		};
		95A5B7CD20470FCD00445D7C /* Build configuration list for PBXNativeTarget "Advanced-Course-Project" */ = {
			isa = XCConfigurationList;
			buildConfigurations = (
				95A5B7CE20470FCD00445D7C /* Debug */,
				95A5B7CF20470FCD00445D7C /* Release */,
			);
			defaultConfigurationIsVisible = 0;
			defaultConfigurationName = Release;
		};
/* End XCConfigurationList section */
	};
	rootObject = 95A5B7B320470FCD00445D7C /* Project object */;
}
